PODS:
  - Flutter (1.0.0)
  - flutter_splash_screen (0.0.1):
    - Flutter
  - shared_preferences_foundation (0.0.1):
    - Flutter
    - FlutterMacOS
  - url_launcher_ios (0.0.1):
    - Flutter
  - webview_flutter_wkwebview (0.0.1):
    - Flutter

DEPENDENCIES:
  - Flutter (from `Flutter`)
  - flutter_splash_screen (from `.symlinks/plugins/flutter_splash_screen/ios`)
  - shared_preferences_foundation (from `.symlinks/plugins/shared_preferences_foundation/darwin`)
  - url_launcher_ios (from `.symlinks/plugins/url_launcher_ios/ios`)
  - webview_flutter_wkwebview (from `.symlinks/plugins/webview_flutter_wkwebview/ios`)

EXTERNAL SOURCES:
  Flutter:
    :path: Flutter
  flutter_splash_screen:
    :path: ".symlinks/plugins/flutter_splash_screen/ios"
  shared_preferences_foundation:
    :path: ".symlinks/plugins/shared_preferences_foundation/darwin"
  url_launcher_ios:
    :path: ".symlinks/plugins/url_launcher_ios/ios"
  webview_flutter_wkwebview:
    :path: ".symlinks/plugins/webview_flutter_wkwebview/ios"

SPEC CHECKSUMS:
  Flutter: e0871f40cf51350855a761d2e70bf5af5b9b5de7
  flutter_splash_screen: 0323a1080aa7853a0f0af4491dc29d034be61746
  shared_preferences_foundation: 297b3ebca31b34ec92be11acd7fb0ba932c822ca
  url_launcher_ios: bf5ce03e0e2088bad9cc378ea97fa0ed5b49673b
  webview_flutter_wkwebview: 2e2d318f21a5e036e2c3f26171342e95908bd60a

PODFILE CHECKSUM: c4c93c5f6502fe2754f48404d3594bf779584011

COCOAPODS: 1.15.2
